
Microsoft Visual Studio Solution File, Format Version 12.00
# Visual Studio 14
VisualStudioVersion = 14.0.24720.0
MinimumVisualStudioVersion = 10.0.40219.1
Project("{FAE04EC0-301F-11D3-BF4B-00C04F79EFBC}") = "Chasok4", "Chasok4\Chasok4.csproj", "{4F790BF2-A259-42FF-BCF8-ABF8EF3B1B48}"
EndProject
Global
	GlobalSection(SolutionConfigurationPlatforms) = preSolution
		Debug|Any CPU = Debug|Any CPU
		Release|Any CPU = Release|Any CPU
	EndGlobalSection
	GlobalSection(ProjectConfigurationPlatforms) = postSolution
		{4F790BF2-A259-42FF-BCF8-ABF8EF3B1B48}.Debug|Any CPU.ActiveCfg = Debug|Any CPU
		{4F790BF2-A259-42FF-BCF8-ABF8EF3B1B48}.Debug|Any CPU.Build.0 = Debug|Any CPU
		{4F790BF2-A259-42FF-BCF8-ABF8EF3B1B48}.Release|Any CPU.ActiveCfg = Release|Any CPU
		{4F790BF2-A259-42FF-BCF8-ABF8EF3B1B48}.Release|Any CPU.Build.0 = Release|Any CPU
	EndGlobalSection
	GlobalSection(SolutionProperties) = preSolution
		HideSolutionNode = FALSE
	EndGlobalSection
EndGlobal
